
Microsoft Visual Studio Solution File, Format Version 12.00
# Visual Studio 15
VisualStudioVersion = 15.0.28307.645
MinimumVisualStudioVersion = 10.0.40219.1
Project("{FAE04EC0-301F-11D3-BF4B-00C04F79EFBC}") = "05A2Mehrwertsteuer", "05A2Mehrwertsteuer\05A2Mehrwertsteuer.csproj", "{933E66AA-AAAE-4673-A85C-B192FF35DE36}"
EndProject
Global
	GlobalSection(SolutionConfigurationPlatforms) = preSolution
		Debug|Any CPU = Debug|Any CPU
		Release|Any CPU = Release|Any CPU
	EndGlobalSection
	GlobalSection(ProjectConfigurationPlatforms) = postSolution
		{933E66AA-AAAE-4673-A85C-B192FF35DE36}.Debug|Any CPU.ActiveCfg = Debug|Any CPU
		{933E66AA-AAAE-4673-A85C-B192FF35DE36}.Debug|Any CPU.Build.0 = Debug|Any CPU
		{933E66AA-AAAE-4673-A85C-B192FF35DE36}.Release|Any CPU.ActiveCfg = Release|Any CPU
		{933E66AA-AAAE-4673-A85C-B192FF35DE36}.Release|Any CPU.Build.0 = Release|Any CPU
	EndGlobalSection
	GlobalSection(SolutionProperties) = preSolution
		HideSolutionNode = FALSE
	EndGlobalSection
	GlobalSection(ExtensibilityGlobals) = postSolution
		SolutionGuid = {DE15D8EC-FED4-4904-AE95-3C4A307FDEE6}
	EndGlobalSection
EndGlobal
